Microsoft Visual Studio Solution File, Format Version 12.00
# Visual Studio Version 17
VisualStudioVersion = 17.12.35707.178 d17.12
MinimumVisualStudioVersion = 10.0.40219.1
Project("{FAE04EC0-301F-11D3-BF4B-00C04F79EFBC}") = "TrustedWinner.Core", "TrustedWinner.Core\TrustedWinner.Core.csproj", "{D014EF96-4DDC-4F7C-9B10-B4F8B10A3B6E}"
EndProject
Project("{FAE04EC0-301F-11D3-BF4B-00C04F79EFBC}") = "TrustedWinner.Core.Tests", "TrustedWinner.Core.Tests\TrustedWinner.Core.Tests.csproj", "{448193CF-F31B-4A06-9BA7-C4A73ABDCBCD}"
EndProject
Project("{FAE04EC0-301F-11D3-BF4B-00C04F79EFBC}") = "TrustedWinner.CLI", "TrustedWinner.CLI\TrustedWinner.CLI.csproj", "{D40089C0-86B3-405A-BA42-D21477BE2BA2}"
EndProject
Project("{FAE04EC0-301F-11D3-BF4B-00C04F79EFBC}") = "TrustedWinner.Api", "TrustedWinner.Api\TrustedWinner.Api.csproj", "{840AA6F7-6FB7-4AD9-A65F-C9D5757F489D}"
EndProject
Global
	GlobalSection(SolutionConfigurationPlatforms) = preSolution
		Debug|Any CPU = Debug|Any CPU
		Release|Any CPU = Release|Any CPU
	EndGlobalSection
	GlobalSection(ProjectConfigurationPlatforms) = postSolution
		{D014EF96-4DDC-4F7C-9B10-B4F8B10A3B6E}.Debug|Any CPU.ActiveCfg = Debug|Any CPU
		{D014EF96-4DDC-4F7C-9B10-B4F8B10A3B6E}.Debug|Any CPU.Build.0 = Debug|Any CPU
		{D014EF96-4DDC-4F7C-9B10-B4F8B10A3B6E}.Release|Any CPU.ActiveCfg = Release|Any CPU
		{D014EF96-4DDC-4F7C-9B10-B4F8B10A3B6E}.Release|Any CPU.Build.0 = Release|Any CPU
		{448193CF-F31B-4A06-9BA7-C4A73ABDCBCD}.Debug|Any CPU.ActiveCfg = Debug|Any CPU
		{448193CF-F31B-4A06-9BA7-C4A73ABDCBCD}.Debug|Any CPU.Build.0 = Debug|Any CPU
		{448193CF-F31B-4A06-9BA7-C4A73ABDCBCD}.Release|Any CPU.ActiveCfg = Release|Any CPU
		{448193CF-F31B-4A06-9BA7-C4A73ABDCBCD}.Release|Any CPU.Build.0 = Release|Any CPU
		{D40089C0-86B3-405A-BA42-D21477BE2BA2}.Debug|Any CPU.ActiveCfg = Debug|Any CPU
		{D40089C0-86B3-405A-BA42-D21477BE2BA2}.Debug|Any CPU.Build.0 = Debug|Any CPU
		{D40089C0-86B3-405A-BA42-D21477BE2BA2}.Release|Any CPU.ActiveCfg = Release|Any CPU
		{D40089C0-86B3-405A-BA42-D21477BE2BA2}.Release|Any CPU.Build.0 = Release|Any CPU
		{840AA6F7-6FB7-4AD9-A65F-C9D5757F489D}.Debug|Any CPU.ActiveCfg = Debug|Any CPU
		{840AA6F7-6FB7-4AD9-A65F-C9D5757F489D}.Debug|Any CPU.Build.0 = Debug|Any CPU
		{840AA6F7-6FB7-4AD9-A65F-C9D5757F489D}.Release|Any CPU.ActiveCfg = Release|Any CPU
		{840AA6F7-6FB7-4AD9-A65F-C9D5757F489D}.Release|Any CPU.Build.0 = Release|Any CPU
	EndGlobalSection
	GlobalSection(SolutionProperties) = preSolution
		HideSolutionNode = FALSE
	EndGlobalSection
EndGlobal
